// !$*UTF8*$!
{
	archiveVersion = 1;
	classes = {
	};
	objectVersion = 48;
	objects = {

/* Begin PBXBuildFile section */
		200FC5011FEEE65B00999C35 /* GoogleService-Info.plist in Resources */ = {isa = PBXBuildFile; fileRef = 200FC5001FEEE65B00999C35 /* GoogleService-Info.plist */; };
		2060352E1FEF0BDC005B7E28 /* AdSupport.framework in Frameworks */ = {isa = PBXBuildFile; fileRef = 2060352D1FEF0BDC005B7E28 /* AdSupport.framework */; };
		206375691FF211E700A183F8 /* Canvas.swift in Sources */ = {isa = PBXBuildFile; fileRef = 206375681FF211E700A183F8 /* Canvas.swift */; };
		2098E85C1FEED8B200EE2B6B /* AppDelegate.swift in Sources */ = {isa = PBXBuildFile; fileRef = 2098E85B1FEED8B200EE2B6B /* AppDelegate.swift */; };
		2098E85E1FEED8B200EE2B6B /* ViewController.swift in Sources */ = {isa = PBXBuildFile; fileRef = 2098E85D1FEED8B200EE2B6B /* ViewController.swift */; };
		2098E8611FEED8B200EE2B6B /* Main.storyboard in Resources */ = {isa = PBXBuildFile; fileRef = 2098E85F1FEED8B200EE2B6B /* Main.storyboard */; };
		2098E8631FEED8B200EE2B6B /* Assets.xcassets in Resources */ = {isa = PBXBuildFile; fileRef = 2098E8621FEED8B200EE2B6B /* Assets.xcassets */; };
		2098E8661FEED8B200EE2B6B /* LaunchScreen.storyboard in Resources */ = {isa = PBXBuildFile; fileRef = 2098E8641FEED8B200EE2B6B /* LaunchScreen.storyboard */; };
		F58C8FA2960DF2DB5751834C /* Pods_CosmoLocator.framework in Frameworks */ = {isa = PBXBuildFile; fileRef = 7EDF674A4407D34351153F61 /* Pods_CosmoLocator.framework */; };
/* End PBXBuildFile section */

/* Begin PBXFileReference section */
		200FC5001FEEE65B00999C35 /* GoogleService-Info.plist */ = {isa = PBXFileReference; fileEncoding = 4; lastKnownFileType = text.plist.xml; path = "GoogleService-Info.plist"; sourceTree = "<group>"; };
		2060352D1FEF0BDC005B7E28 /* AdSupport.framework */ = {isa = PBXFileReference; lastKnownFileType = wrapper.framework; name = AdSupport.framework; path = System/Library/Frameworks/AdSupport.framework; sourceTree = SDKROOT; };
		206375681FF211E700A183F8 /* Canvas.swift */ = {isa = PBXFileReference; lastKnownFileType = sourcecode.swift; path = Canvas.swift; sourceTree = "<group>"; };
		2098E8581FEED8B200EE2B6B /* CosmoLocator.app */ = {isa = PBXFileReference; explicitFileType = wrapper.application; includeInIndex = 0; path = CosmoLocator.app; sourceTree = BUILT_PRODUCTS_DIR; };
		2098E85B1FEED8B200EE2B6B /* AppDelegate.swift */ = {isa = PBXFileReference; lastKnownFileType = sourcecode.swift; path = AppDelegate.swift; sourceTree = "<group>"; };
		2098E85D1FEED8B200EE2B6B /* ViewController.swift */ = {isa = PBXFileReference; lastKnownFileType = sourcecode.swift; path = ViewController.swift; sourceTree = "<group>"; };
		2098E8601FEED8B200EE2B6B /* Base */ = {isa = PBXFileReference; lastKnownFileType = file.storyboard; name = Base; path = Base.lproj/Main.storyboard; sourceTree = "<group>"; };
		2098E8621FEED8B200EE2B6B /* Assets.xcassets */ = {isa = PBXFileReference; lastKnownFileType = folder.assetcatalog; path = Assets.xcassets; sourceTree = "<group>"; };
		2098E8651FEED8B200EE2B6B /* Base */ = {isa = PBXFileReference; lastKnownFileType = file.storyboard; name = Base; path = Base.lproj/LaunchScreen.storyboard; sourceTree = "<group>"; };
		2098E8671FEED8B200EE2B6B /* Info.plist */ = {isa = PBXFileReference; lastKnownFileType = text.plist.xml; path = Info.plist; sourceTree = "<group>"; };
		7EDF674A4407D34351153F61 /* Pods_CosmoLocator.framework */ = {isa = PBXFileReference; explicitFileType = wrapper.framework; includeInIndex = 0; path = Pods_CosmoLocator.framework; sourceTree = BUILT_PRODUCTS_DIR; };
		B3B38FEDEB305C32B954FFC0 /* Pods-CosmoLocator.release.xcconfig */ = {isa = PBXFileReference; includeInIndex = 1; lastKnownFileType = text.xcconfig; name = "Pods-CosmoLocator.release.xcconfig"; path = "Pods/Target Support Files/Pods-CosmoLocator/Pods-CosmoLocator.release.xcconfig"; sourceTree = "<group>"; };
		DDA3A06EBE201B589EBCD394 /* Pods-CosmoLocator.debug.xcconfig */ = {isa = PBXFileReference; includeInIndex = 1; lastKnownFileType = text.xcconfig; name = "Pods-CosmoLocator.debug.xcconfig"; path = "Pods/Target Support Files/Pods-CosmoLocator/Pods-CosmoLocator.debug.xcconfig"; sourceTree = "<group>"; };
/* End PBXFileReference section */

/* Begin PBXFrameworksBuildPhase section */
		2098E8551FEED8B200EE2B6B /* Frameworks */ = {
			isa = PBXFrameworksBuildPhase;
			buildActionMask = 2147483647;
			files = (
				2060352E1FEF0BDC005B7E28 /* AdSupport.framework in Frameworks */,
				F58C8FA2960DF2DB5751834C /* Pods_CosmoLocator.framework in Frameworks */,
			);
			runOnlyForDeploymentPostprocessing = 0;
		};
/* End PBXFrameworksBuildPhase section */

/* Begin PBXGroup section */
		2098E84F1FEED8B200EE2B6B = {
			isa = PBXGroup;
			children = (
				2098E85A1FEED8B200EE2B6B /* CosmoLocator */,
				2098E8591FEED8B200EE2B6B /* Products */,
				8228886A8542A28867126FC9 /* Pods */,
				D5C0A3447A4CB8D267CE5756 /* Frameworks */,
			);
			sourceTree = "<group>";
		};
		2098E8591FEED8B200EE2B6B /* Products */ = {
			isa = PBXGroup;
			children = (
				2098E8581FEED8B200EE2B6B /* CosmoLocator.app */,
			);
			name = Products;
			sourceTree = "<group>";
		};
		2098E85A1FEED8B200EE2B6B /* CosmoLocator */ = {
			isa = PBXGroup;
			children = (
				200FC5001FEEE65B00999C35 /* GoogleService-Info.plist */,
				2098E85B1FEED8B200EE2B6B /* AppDelegate.swift */,
				2098E85D1FEED8B200EE2B6B /* ViewController.swift */,
				2098E85F1FEED8B200EE2B6B /* Main.storyboard */,
				206375681FF211E700A183F8 /* Canvas.swift */,
				2098E8621FEED8B200EE2B6B /* Assets.xcassets */,
				2098E8641FEED8B200EE2B6B /* LaunchScreen.storyboard */,
				2098E8671FEED8B200EE2B6B /* Info.plist */,
			);
			path = CosmoLocator;
			sourceTree = "<group>";
		};
		8228886A8542A28867126FC9 /* Pods */ = {
			isa = PBXGroup;
			children = (
				DDA3A06EBE201B589EBCD394 /* Pods-CosmoLocator.debug.xcconfig */,
				B3B38FEDEB305C32B954FFC0 /* Pods-CosmoLocator.release.xcconfig */,
			);
			name = Pods;
			sourceTree = "<group>";
		};
		D5C0A3447A4CB8D267CE5756 /* Frameworks */ = {
			isa = PBXGroup;
			children = (
				2060352D1FEF0BDC005B7E28 /* AdSupport.framework */,
				7EDF674A4407D34351153F61 /* Pods_CosmoLocator.framework */,
			);
			name = Frameworks;
			sourceTree = "<group>";
		};
/* End PBXGroup section */

/* Begin PBXNativeTarget section */
		2098E8571FEED8B200EE2B6B /* CosmoLocator */ = {
			isa = PBXNativeTarget;
			buildConfigurationList = 2098E86A1FEED8B200EE2B6B /* Build configuration list for PBXNativeTarget "CosmoLocator" */;
			buildPhases = (
				FF26A0D351635770A5FAA6FB /* [CP] Check Pods Manifest.lock */,
				2098E8541FEED8B200EE2B6B /* Sources */,
				2098E8551FEED8B200EE2B6B /* Frameworks */,
				2098E8561FEED8B200EE2B6B /* Resources */,
				B935DE510F138A92979AF2EE /* [CP] Embed Pods Frameworks */,
				BC7E0E95D00272D43DA08BF5 /* [CP] Copy Pods Resources */,
			);
			buildRules = (
			);
			dependencies = (
			);
			name = CosmoLocator;
			productName = CosmoLocator;
			productReference = 2098E8581FEED8B200EE2B6B /* CosmoLocator.app */;
			productType = "com.apple.product-type.application";
		};
/* End PBXNativeTarget section */

/* Begin PBXProject section */
		2098E8501FEED8B200EE2B6B /* Project object */ = {
			isa = PBXProject;
			attributes = {
				LastSwiftUpdateCheck = 0920;
				LastUpgradeCheck = 0920;
				ORGANIZATIONNAME = "Ansar Khan";
				TargetAttributes = {
					2098E8571FEED8B200EE2B6B = {
						CreatedOnToolsVersion = 9.2;
						ProvisioningStyle = Automatic;
					};
				};
			};
			buildConfigurationList = 2098E8531FEED8B200EE2B6B /* Build configuration list for PBXProject "CosmoLocator" */;
			compatibilityVersion = "Xcode 8.0";
			developmentRegion = en;
			hasScannedForEncodings = 0;
			knownRegions = (
				en,
				Base,
			);
			mainGroup = 2098E84F1FEED8B200EE2B6B;
			productRefGroup = 2098E8591FEED8B200EE2B6B /* Products */;
			projectDirPath = "";
			projectRoot = "";
			targets = (
				2098E8571FEED8B200EE2B6B /* CosmoLocator */,
			);
		};
/* End PBXProject section */

/* Begin PBXResourcesBuildPhase section */
		2098E8561FEED8B200EE2B6B /* Resources */ = {
			isa = PBXResourcesBuildPhase;
			buildActionMask = 2147483647;
			files = (
				2098E8661FEED8B200EE2B6B /* LaunchScreen.storyboard in Resources */,
				200FC5011FEEE65B00999C35 /* GoogleService-Info.plist in Resources */,
				2098E8631FEED8B200EE2B6B /* Assets.xcassets in Resources */,
				2098E8611FEED8B200EE2B6B /* Main.storyboard in Resources */,
			);
			runOnlyForDeploymentPostprocessing = 0;
		};
/* End PBXResourcesBuildPhase section */

/* Begin PBXShellScriptBuildPhase section */
		B935DE510F138A92979AF2EE /* [CP] Embed Pods Frameworks */ = {
			isa = PBXShellScriptBuildPhase;
			buildActionMask = 2147483647;
			files = (
			);
			inputPaths = (
			);
			name = "[CP] Embed Pods Frameworks";
			outputPaths = (
			);
			runOnlyForDeploymentPostprocessing = 0;
			shellPath = /bin/sh;
			shellScript = "\"${SRCROOT}/Pods/Target Support Files/Pods-CosmoLocator/Pods-CosmoLocator-frameworks.sh\"\n";
			showEnvVarsInLog = 0;
		};
		BC7E0E95D00272D43DA08BF5 /* [CP] Copy Pods Resources */ = {
			isa = PBXShellScriptBuildPhase;
			buildActionMask = 2147483647;
			files = (
			);
			inputPaths = (
			);
			name = "[CP] Copy Pods Resources";
			outputPaths = (
			);
			runOnlyForDeploymentPostprocessing = 0;
			shellPath = /bin/sh;
			shellScript = "\"${SRCROOT}/Pods/Target Support Files/Pods-CosmoLocator/Pods-CosmoLocator-resources.sh\"\n";
			showEnvVarsInLog = 0;
		};
		FF26A0D351635770A5FAA6FB /* [CP] Check Pods Manifest.lock */ = {
			isa = PBXShellScriptBuildPhase;
			buildActionMask = 2147483647;
			files = (
			);
			inputPaths = (
			);
			name = "[CP] Check Pods Manifest.lock";
			outputPaths = (
			);
			runOnlyForDeploymentPostprocessing = 0;
			shellPath = /bin/sh;
			shellScript = "diff \"${PODS_ROOT}/../Podfile.lock\" \"${PODS_ROOT}/Manifest.lock\" > /dev/null\nif [ $? != 0 ] ; then\n    # print error to STDERR\n    echo \"error: The sandbox is not in sync with the Podfile.lock. Run 'pod install' or update your CocoaPods installation.\" >&2\n    exit 1\nfi\n";
			showEnvVarsInLog = 0;
		};
/* End PBXShellScriptBuildPhase section */

/* Begin PBXSourcesBuildPhase section */
		2098E8541FEED8B200EE2B6B /* Sources */ = {
			isa = PBXSourcesBuildPhase;
			buildActionMask = 2147483647;
			files = (
				2098E85E1FEED8B200EE2B6B /* ViewController.swift in Sources */,
				2098E85C1FEED8B200EE2B6B /* AppDelegate.swift in Sources */,
				206375691FF211E700A183F8 /* Canvas.swift in Sources */,
			);
			runOnlyForDeploymentPostprocessing = 0;
		};
/* End PBXSourcesBuildPhase section */

/* Begin PBXVariantGroup section */
		2098E85F1FEED8B200EE2B6B /* Main.storyboard */ = {
			isa = PBXVariantGroup;
			children = (
				2098E8601FEED8B200EE2B6B /* Base */,
			);
			name = Main.storyboard;
			sourceTree = "<group>";
		};
		2098E8641FEED8B200EE2B6B /* LaunchScreen.storyboard */ = {
			isa = PBXVariantGroup;
			children = (
				2098E8651FEED8B200EE2B6B /* Base */,
			);
			name = LaunchScreen.storyboard;
			sourceTree = "<group>";
		};
/* End PBXVariantGroup section */

/* Begin XCBuildConfiguration section */
		2098E8681FEED8B200EE2B6B /* Debug */ = {
			isa = XCBuildConfiguration;
			buildSettings = {
				ALWAYS_SEARCH_USER_PATHS = NO;
				CLANG_ANALYZER_NONNULL = YES;
				CLANG_ANALYZER_NUMBER_OBJECT_CONVERSION = YES_AGGRESSIVE;
				CLANG_CXX_LANGUAGE_STANDARD = "gnu++14";
				CLANG_CXX_LIBRARY = "libc++";
				CLANG_ENABLE_MODULES = YES;
				CLANG_ENABLE_OBJC_ARC = YES;
				CLANG_WARN_BLOCK_CAPTURE_AUTORELEASING = YES;
				CLANG_WARN_BOOL_CONVERSION = YES;
				CLANG_WARN_COMMA = YES;
				CLANG_WARN_CONSTANT_CONVERSION = YES;
				CLANG_WARN_DIRECT_OBJC_ISA_USAGE = YES_ERROR;
				CLANG_WARN_DOCUMENTATION_COMMENTS = YES;
				CLANG_WARN_EMPTY_BODY = YES;
				CLANG_WARN_ENUM_CONVERSION = YES;
				CLANG_WARN_INFINITE_RECURSION = YES;
				CLANG_WARN_INT_CONVERSION = YES;
				CLANG_WARN_NON_LITERAL_NULL_CONVERSION = YES;
				CLANG_WARN_OBJC_LITERAL_CONVERSION = YES;
				CLANG_WARN_OBJC_ROOT_CLASS = YES_ERROR;
				CLANG_WARN_RANGE_LOOP_ANALYSIS = YES;
				CLANG_WARN_STRICT_PROTOTYPES = YES;
				CLANG_WARN_SUSPICIOUS_MOVE = YES;
				CLANG_WARN_UNGUARDED_AVAILABILITY = YES_AGGRESSIVE;
				CLANG_WARN_UNREACHABLE_CODE = YES;
				CLANG_WARN__DUPLICATE_METHOD_MATCH = YES;
				CODE_SIGN_IDENTITY = "iPhone Developer";
				COPY_PHASE_STRIP = NO;
				DEBUG_INFORMATION_FORMAT = dwarf;
				ENABLE_STRICT_OBJC_MSGSEND = YES;
				ENABLE_TESTABILITY = YES;
				GCC_C_LANGUAGE_STANDARD = gnu11;
				GCC_DYNAMIC_NO_PIC = NO;
				GCC_NO_COMMON_BLOCKS = YES;
				GCC_OPTIMIZATION_LEVEL = 0;
				GCC_PREPROCESSOR_DEFINITIONS = (
					"DEBUG=1",
					"$(inherited)",
				);
				GCC_WARN_64_TO_32_BIT_CONVERSION = YES;
				GCC_WARN_ABOUT_RETURN_TYPE = YES_ERROR;
				GCC_WARN_UNDECLARED_SELECTOR = YES;
				GCC_WARN_UNINITIALIZED_AUTOS = YES_AGGRESSIVE;
				GCC_WARN_UNUSED_FUNCTION = YES;
				GCC_WARN_UNUSED_VARIABLE = YES;
				IPHONEOS_DEPLOYMENT_TARGET = 11.2;
				MTL_ENABLE_DEBUG_INFO = YES;
				ONLY_ACTIVE_ARCH = YES;
				SDKROOT = iphoneos;
				SWIFT_ACTIVE_COMPILATION_CONDITIONS = DEBUG;
				SWIFT_OPTIMIZATION_LEVEL = "-Onone";
			};
			name = Debug;
		};
		2098E8691FEED8B200EE2B6B /* Release */ = {
			isa = XCBuildConfiguration;
			buildSettings = {
				ALWAYS_SEARCH_USER_PATHS = NO;
				CLANG_ANALYZER_NONNULL = YES;
				CLANG_ANALYZER_NUMBER_OBJECT_CONVERSION = YES_AGGRESSIVE;
				CLANG_CXX_LANGUAGE_STANDARD = "gnu++14";
				CLANG_CXX_LIBRARY = "libc++";
				CLANG_ENABLE_MODULES = YES;
				CLANG_ENABLE_OBJC_ARC = YES;
				CLANG_WARN_BLOCK_CAPTURE_AUTORELEASING = YES;
				CLANG_WARN_BOOL_CONVERSION = YES;
				CLANG_WARN_COMMA = YES;
				CLANG_WARN_CONSTANT_CONVERSION = YES;
				CLANG_WARN_DIRECT_OBJC_ISA_USAGE = YES_ERROR;
				CLANG_WARN_DOCUMENTATION_COMMENTS = YES;
				CLANG_WARN_EMPTY_BODY = YES;
				CLANG_WARN_ENUM_CONVERSION = YES;
				CLANG_WARN_INFINITE_RECURSION = YES;
				CLANG_WARN_INT_CONVERSION = YES;
				CLANG_WARN_NON_LITERAL_NULL_CONVERSION = YES;
				CLANG_WARN_OBJC_LITERAL_CONVERSION = YES;
				CLANG_WARN_OBJC_ROOT_CLASS = YES_ERROR;
				CLANG_WARN_RANGE_LOOP_ANALYSIS = YES;
				CLANG_WARN_STRICT_PROTOTYPES = YES;
				CLANG_WARN_SUSPICIOUS_MOVE = YES;
				CLANG_WARN_UNGUARDED_AVAILABILITY = YES_AGGRESSIVE;
				CLANG_WARN_UNREACHABLE_CODE = YES;
				CLANG_WARN__DUPLICATE_METHOD_MATCH = YES;
				CODE_SIGN_IDENTITY = "iPhone Developer";
				COPY_PHASE_STRIP = NO;
				DEBUG_INFORMATION_FORMAT = "dwarf-with-dsym";
				ENABLE_NS_ASSERTIONS = NO;
				ENABLE_STRICT_OBJC_MSGSEND = YES;
				GCC_C_LANGUAGE_STANDARD = gnu11;
				GCC_NO_COMMON_BLOCKS = YES;
				GCC_WARN_64_TO_32_BIT_CONVERSION = YES;
				GCC_WARN_ABOUT_RETURN_TYPE = YES_ERROR;
				GCC_WARN_UNDECLARED_SELECTOR = YES;
				GCC_WARN_UNINITIALIZED_AUTOS = YES_AGGRESSIVE;
				GCC_WARN_UNUSED_FUNCTION = YES;
				GCC_WARN_UNUSED_VARIABLE = YES;
				IPHONEOS_DEPLOYMENT_TARGET = 11.2;
				MTL_ENABLE_DEBUG_INFO = NO;
				SDKROOT = iphoneos;
				SWIFT_OPTIMIZATION_LEVEL = "-Owholemodule";
				VALIDATE_PRODUCT = YES;
			};
			name = Release;
		};
		2098E86B1FEED8B200EE2B6B /* Debug */ = {
			isa = XCBuildConfiguration;
			baseConfigurationReference = DDA3A06EBE201B589EBCD394 /* Pods-CosmoLocator.debug.xcconfig */;
			buildSettings = {
				ASSETCATALOG_COMPILER_APPICON_NAME = AppIcon;
				CODE_SIGN_STYLE = Automatic;
				DEVELOPMENT_TEAM = 8YK8DXZM9G;
				INFOPLIST_FILE = CosmoLocator/Info.plist;
				LD_RUNPATH_SEARCH_PATHS = "$(inherited) @executable_path/Frameworks";
				PRODUCT_BUNDLE_IDENTIFIER = "AK-47.CosmoLocator";
				PRODUCT_NAME = "$(TARGET_NAME)";
				SWIFT_VERSION = 4.0;
				TARGETED_DEVICE_FAMILY = "1,2";
			};
			name = Debug;
		};
		2098E86C1FEED8B200EE2B6B /* Release */ = {
			isa = XCBuildConfiguration;
			baseConfigurationReference = B3B38FEDEB305C32B954FFC0 /* Pods-CosmoLocator.release.xcconfig */;
			buildSettings = {
				ASSETCATALOG_COMPILER_APPICON_NAME = AppIcon;
				CODE_SIGN_STYLE = Automatic;
				DEVELOPMENT_TEAM = 8YK8DXZM9G;
				INFOPLIST_FILE = CosmoLocator/Info.plist;
				LD_RUNPATH_SEARCH_PATHS = "$(inherited) @executable_path/Frameworks";
				PRODUCT_BUNDLE_IDENTIFIER = "AK-47.CosmoLocator";
				PRODUCT_NAME = "$(TARGET_NAME)";
				SWIFT_VERSION = 4.0;
				TARGETED_DEVICE_FAMILY = "1,2";
			};
			name = Release;
		};
/* End XCBuildConfiguration section */

/* Begin XCConfigurationList section */
		2098E8531FEED8B200EE2B6B /* Build configuration list for PBXProject "CosmoLocator" */ = {
			isa = XCConfigurationList;
			buildConfigurations = (
				2098E8681FEED8B200EE2B6B /* Debug */,
				2098E8691FEED8B200EE2B6B /* Release */,
			);
			defaultConfigurationIsVisible = 0;
			defaultConfigurationName = Release;
		};
		2098E86A1FEED8B200EE2B6B /* Build configuration list for PBXNativeTarget "CosmoLocator" */ = {
			isa = XCConfigurationList;
			buildConfigurations = (
				2098E86B1FEED8B200EE2B6B /* Debug */,
				2098E86C1FEED8B200EE2B6B /* Release */,
			);
			defaultConfigurationIsVisible = 0;
			defaultConfigurationName = Release;
		};
/* End XCConfigurationList section */
	};
	rootObject = 2098E8501FEED8B200EE2B6B /* Project object */;
}
